
Microsoft Visual Studio Solution File, Format Version 12.00
# Visual Studio 15
VisualStudioVersion = 15.0.27130.2010
MinimumVisualStudioVersion = 10.0.40219.1
Project("{8BC9CEB8-8B4A-11D0-8D11-00A0C91BC942}") = "Journey", "Journey.vcxproj", "{757D6E24-4232-41D9-9BC8-6CE5A670F48E}"
EndProject
Global
	GlobalSection(SolutionConfigurationPlatforms) = preSolution
		Debug|x64 = Debug|x64
		Debug|x86 = Debug|x86
		Release|x64 = Release|x64
		Release|x86 = Release|x86
	EndGlobalSection
	GlobalSection(ProjectConfigurationPlatforms) = postSolution
		{757D6E24-4232-41D9-9BC8-6CE5A670F48E}.Debug|x64.ActiveCfg = Debug|x64
		{757D6E24-4232-41D9-9BC8-6CE5A670F48E}.Debug|x64.Build.0 = Debug|x64
		{757D6E24-4232-41D9-9BC8-6CE5A670F48E}.Debug|x86.ActiveCfg = Debug|Win32
		{757D6E24-4232-41D9-9BC8-6CE5A670F48E}.Debug|x86.Build.0 = Debug|Win32
		{757D6E24-4232-41D9-9BC8-6CE5A670F48E}.Release|x64.ActiveCfg = Release|x64
		{757D6E24-4232-41D9-9BC8-6CE5A670F48E}.Release|x64.Build.0 = Release|x64
		{757D6E24-4232-41D9-9BC8-6CE5A670F48E}.Release|x86.ActiveCfg = Release|Win32
		{757D6E24-4232-41D9-9BC8-6CE5A670F48E}.Release|x86.Build.0 = Release|Win32
	EndGlobalSection
	GlobalSection(SolutionProperties) = preSolution
		HideSolutionNode = FALSE
	EndGlobalSection
	GlobalSection(ExtensibilityGlobals) = postSolution
		SolutionGuid = {FC8BCA98-9DDB-4324-BF9B-C61E3C5E7936}
	EndGlobalSection
EndGlobal
